
Microsoft Visual Studio Solution File, Format Version 12.00
# Visual Studio Version 17
VisualStudioVersion = 17.10.35004.147
MinimumVisualStudioVersion = 10.0.40219.1
Project("{FAE04EC0-301F-11D3-BF4B-00C04F79EFBC}") = "UserApiWithDb", "UserApiWithDb\UserApiWithDb.csproj", "{6440FBD7-6B32-490D-AFAF-61FE1F61943A}"
EndProject
Global
	GlobalSection(SolutionConfigurationPlatforms) = preSolution
		Debug|Any CPU = Debug|Any CPU
		Release|Any CPU = Release|Any CPU
	EndGlobalSection
	GlobalSection(ProjectConfigurationPlatforms) = postSolution
		{6440FBD7-6B32-490D-AFAF-61FE1F61943A}.Debug|Any CPU.ActiveCfg = Debug|Any CPU
		{6440FBD7-6B32-490D-AFAF-61FE1F61943A}.Debug|Any CPU.Build.0 = Debug|Any CPU
		{6440FBD7-6B32-490D-AFAF-61FE1F61943A}.Release|Any CPU.ActiveCfg = Release|Any CPU
		{6440FBD7-6B32-490D-AFAF-61FE1F61943A}.Release|Any CPU.Build.0 = Release|Any CPU
	EndGlobalSection
	GlobalSection(SolutionProperties) = preSolution
		HideSolutionNode = FALSE
	EndGlobalSection
	GlobalSection(ExtensibilityGlobals) = postSolution
		SolutionGuid = {12E14052-6FFE-4F97-A980-F1EF5626C2CD}
	EndGlobalSection
EndGlobal
